
Microsoft Visual Studio Solution File, Format Version 12.00
# Visual Studio 15
VisualStudioVersion = 15.0.27703.2047
MinimumVisualStudioVersion = 10.0.40219.1
Project("{FAE04EC0-301F-11D3-BF4B-00C04F79EFBC}") = "TimeAttendanceSystem", "TimeAttendanceSystem\TimeAttendanceSystem.csproj", "{B5682278-95F5-4D60-BC05-905ABFDF370D}"
EndProject
Project("{FAE04EC0-301F-11D3-BF4B-00C04F79EFBC}") = "DropdownTest", "DropdownTest\DropdownTest.csproj", "{360D5AAD-0D2B-4032-BCFA-30DC126464D4}"
EndProject
Global
	GlobalSection(SolutionConfigurationPlatforms) = preSolution
		Debug|Any CPU = Debug|Any CPU
		Release|Any CPU = Release|Any CPU
	EndGlobalSection
	GlobalSection(ProjectConfigurationPlatforms) = postSolution
		{B5682278-95F5-4D60-BC05-905ABFDF370D}.Debug|Any CPU.ActiveCfg = Debug|Any CPU
		{B5682278-95F5-4D60-BC05-905ABFDF370D}.Debug|Any CPU.Build.0 = Debug|Any CPU
		{B5682278-95F5-4D60-BC05-905ABFDF370D}.Release|Any CPU.ActiveCfg = Release|Any CPU
		{B5682278-95F5-4D60-BC05-905ABFDF370D}.Release|Any CPU.Build.0 = Release|Any CPU
		{360D5AAD-0D2B-4032-BCFA-30DC126464D4}.Debug|Any CPU.ActiveCfg = Debug|Any CPU
		{360D5AAD-0D2B-4032-BCFA-30DC126464D4}.Debug|Any CPU.Build.0 = Debug|Any CPU
		{360D5AAD-0D2B-4032-BCFA-30DC126464D4}.Release|Any CPU.ActiveCfg = Release|Any CPU
		{360D5AAD-0D2B-4032-BCFA-30DC126464D4}.Release|Any CPU.Build.0 = Release|Any CPU
	EndGlobalSection
	GlobalSection(SolutionProperties) = preSolution
		HideSolutionNode = FALSE
	EndGlobalSection
	GlobalSection(ExtensibilityGlobals) = postSolution
		SolutionGuid = {97487045-3D64-4B18-B1C2-1BC7A543479B}
	EndGlobalSection
EndGlobal
